
Microsoft Visual Studio Solution File, Format Version 12.00
Project("{2150E333-8FDC-42A3-9474-1A3956D46DE8}") = ".paket", ".paket", "{857DB288-626C-422D-8022-CB7C67D392D2}"
	ProjectSection(SolutionItems) = preProject
		paket.dependencies = paket.dependencies
	EndProjectSection
EndProject
Project("{FAE04EC0-301F-11D3-BF4B-00C04F79EFBC}") = "WebApp", "WebApp\WebApp.csproj", "{09D2BA69-DA1E-49E2-9145-925E6105EBF7}"
EndProject
Project("{FAE04EC0-301F-11D3-BF4B-00C04F79EFBC}") = "WebApp.EntityFramework", "WebApp.EntityFramework\WebApp.EntityFramework.csproj", "{3FD032B5-F18E-4CFF-A01B-691E2AE59704}"
EndProject
Global
	GlobalSection(SolutionConfigurationPlatforms) = preSolution
		Debug|Any CPU = Debug|Any CPU
		Release|Any CPU = Release|Any CPU
	EndGlobalSection
	GlobalSection(ProjectConfigurationPlatforms) = postSolution
		{09D2BA69-DA1E-49E2-9145-925E6105EBF7}.Debug|Any CPU.ActiveCfg = Debug|Any CPU
		{09D2BA69-DA1E-49E2-9145-925E6105EBF7}.Debug|Any CPU.Build.0 = Debug|Any CPU
		{09D2BA69-DA1E-49E2-9145-925E6105EBF7}.Release|Any CPU.ActiveCfg = Release|Any CPU
		{09D2BA69-DA1E-49E2-9145-925E6105EBF7}.Release|Any CPU.Build.0 = Release|Any CPU
		{3FD032B5-F18E-4CFF-A01B-691E2AE59704}.Debug|Any CPU.ActiveCfg = Debug|Any CPU
		{3FD032B5-F18E-4CFF-A01B-691E2AE59704}.Debug|Any CPU.Build.0 = Debug|Any CPU
		{3FD032B5-F18E-4CFF-A01B-691E2AE59704}.Release|Any CPU.ActiveCfg = Release|Any CPU
		{3FD032B5-F18E-4CFF-A01B-691E2AE59704}.Release|Any CPU.Build.0 = Release|Any CPU
	EndGlobalSection
EndGlobal
